
Microsoft Visual Studio Solution File, Format Version 10.00
# Visual Studio 2008
Project("{6989167D-11E4-40FE-8C1A-2192A86A7E90}") = "forces_dina", "forces_dina.vfproj", "{C9F1859C-FF6C-46F9-BBF7-D0E92FED45CA}"
EndProject
Global
	GlobalSection(SolutionConfigurationPlatforms) = preSolution
		Debug|Win32 = Debug|Win32
		Release|Win32 = Release|Win32
	EndGlobalSection
	GlobalSection(ProjectConfigurationPlatforms) = postSolution
		{C9F1859C-FF6C-46F9-BBF7-D0E92FED45CA}.Debug|Win32.ActiveCfg = Debug|Win32
		{C9F1859C-FF6C-46F9-BBF7-D0E92FED45CA}.Debug|Win32.Build.0 = Debug|Win32
		{C9F1859C-FF6C-46F9-BBF7-D0E92FED45CA}.Release|Win32.ActiveCfg = Release|Win32
		{C9F1859C-FF6C-46F9-BBF7-D0E92FED45CA}.Release|Win32.Build.0 = Release|Win32
	EndGlobalSection
	GlobalSection(SolutionProperties) = preSolution
		HideSolutionNode = FALSE
	EndGlobalSection
EndGlobal
